
Microsoft Visual Studio Solution File, Format Version 12.00
# Visual Studio Version 16
VisualStudioVersion = 16.0.31005.135
MinimumVisualStudioVersion = 10.0.40219.1
Project("{FAE04EC0-301F-11D3-BF4B-00C04F79EFBC}") = "bazaDeDate", "bazaDeDate\bazaDeDate.csproj", "{23523F0D-0331-4E4E-B980-115F1FED4F82}"
EndProject
Global
	GlobalSection(SolutionConfigurationPlatforms) = preSolution
		Debug|Any CPU = Debug|Any CPU
		Release|Any CPU = Release|Any CPU
	EndGlobalSection
	GlobalSection(ProjectConfigurationPlatforms) = postSolution
		{23523F0D-0331-4E4E-B980-115F1FED4F82}.Debug|Any CPU.ActiveCfg = Debug|Any CPU
		{23523F0D-0331-4E4E-B980-115F1FED4F82}.Debug|Any CPU.Build.0 = Debug|Any CPU
		{23523F0D-0331-4E4E-B980-115F1FED4F82}.Release|Any CPU.ActiveCfg = Release|Any CPU
		{23523F0D-0331-4E4E-B980-115F1FED4F82}.Release|Any CPU.Build.0 = Release|Any CPU
	EndGlobalSection
	GlobalSection(SolutionProperties) = preSolution
		HideSolutionNode = FALSE
	EndGlobalSection
	GlobalSection(ExtensibilityGlobals) = postSolution
		SolutionGuid = {A180D236-5CCE-4EC9-9154-E79984AEB61A}
	EndGlobalSection
EndGlobal
